PODS:
  - BigInt (3.0.1):
    - SipHash (~> 1.2)
  - SipHash (1.2.0)

DEPENDENCIES:
  - BigInt (~> 3.0)

SPEC CHECKSUMS:
  BigInt: 8e8a52161c745cd3ab78e3dc346a9fbee51e6cf6
  SipHash: c6e9e43e9c531b5bc6602545130c26194a6d31ce

PODFILE CHECKSUM: 1c30797798a0497310d5ce78152966886e3bf98f

COCOAPODS: 1.1.1
